
Microsoft Visual Studio Solution File, Format Version 12.00
# Visual Studio Version 17
VisualStudioVersion = 17.0.31903.59
MinimumVisualStudioVersion = 10.0.40219.1
Project("{2150E333-8FDC-42A3-9474-1A3956D46DE8}") = "src", "src", "{827E0CD3-B72D-47B6-A68D-7590B98EB39B}"
EndProject
Project("{2150E333-8FDC-42A3-9474-1A3956D46DE8}") = "TaskMaster.Core", "TaskMaster.Core", "{7771D5A9-8202-E749-731D-3DB41E1CE901}"
EndProject
Project("{FAE04EC0-301F-11D3-BF4B-00C04F79EFBC}") = "TaskMaster.Core", "src\TaskMaster.Core\TaskMaster.Core\TaskMaster.Core.csproj", "{20C39AE2-BEA2-4396-83F8-4CC86D16043C}"
EndProject
Project("{FAE04EC0-301F-11D3-BF4B-00C04F79EFBC}") = "TaskMaster.API", "src\TaskMaster.API\TaskMaster.API\TaskMaster.API.csproj", "{C4D17F6A-1E40-4E24-8CBB-2801A5135548}"
EndProject
Project("{FAE04EC0-301F-11D3-BF4B-00C04F79EFBC}") = "TaskMaster.Worker", "src\TaskMaster.Worker\TaskMaster.Worker\TaskMaster.Worker.csproj", "{A46913C7-9AD6-4F65-B0C7-AD788BF67FB0}"
EndProject
Project("{FAE04EC0-301F-11D3-BF4B-00C04F79EFBC}") = "TaskMaster.Blazor", "src\TaskMaster.Blazor\TaskMaster.Blazor\TaskMaster.Blazor.csproj", "{4151D4AD-0404-4C1E-8448-5BC91836502E}"
EndProject
Project("{FAE04EC0-301F-11D3-BF4B-00C04F79EFBC}") = "TaskMaster.Core.Tests", "tests\TaskMaster.Core.Tests\TaskMaster.Core.Tests\TaskMaster.Core.Tests.csproj", "{54840768-B419-41AC-9326-6E46B7A700B5}"
EndProject
Project("{FAE04EC0-301F-11D3-BF4B-00C04F79EFBC}") = "TaskMaster.Host", "src\TaskMaster.Host\TaskMaster.Host.csproj", "{4BDFDDEB-5A19-4AB5-93A9-6C42217BAF53}"
EndProject
Global
	GlobalSection(SolutionConfigurationPlatforms) = preSolution
		Debug|Any CPU = Debug|Any CPU
		Debug|x64 = Debug|x64
		Debug|x86 = Debug|x86
		Release|Any CPU = Release|Any CPU
		Release|x64 = Release|x64
		Release|x86 = Release|x86
	EndGlobalSection
	GlobalSection(ProjectConfigurationPlatforms) = postSolution
		{20C39AE2-BEA2-4396-83F8-4CC86D16043C}.Debug|Any CPU.ActiveCfg = Debug|Any CPU
		{20C39AE2-BEA2-4396-83F8-4CC86D16043C}.Debug|Any CPU.Build.0 = Debug|Any CPU
		{20C39AE2-BEA2-4396-83F8-4CC86D16043C}.Debug|x64.ActiveCfg = Debug|Any CPU
		{20C39AE2-BEA2-4396-83F8-4CC86D16043C}.Debug|x64.Build.0 = Debug|Any CPU
		{20C39AE2-BEA2-4396-83F8-4CC86D16043C}.Debug|x86.ActiveCfg = Debug|Any CPU
		{20C39AE2-BEA2-4396-83F8-4CC86D16043C}.Debug|x86.Build.0 = Debug|Any CPU
		{20C39AE2-BEA2-4396-83F8-4CC86D16043C}.Release|Any CPU.ActiveCfg = Release|Any CPU
		{20C39AE2-BEA2-4396-83F8-4CC86D16043C}.Release|Any CPU.Build.0 = Release|Any CPU
		{20C39AE2-BEA2-4396-83F8-4CC86D16043C}.Release|x64.ActiveCfg = Release|Any CPU
		{20C39AE2-BEA2-4396-83F8-4CC86D16043C}.Release|x64.Build.0 = Release|Any CPU
		{20C39AE2-BEA2-4396-83F8-4CC86D16043C}.Release|x86.ActiveCfg = Release|Any CPU
		{20C39AE2-BEA2-4396-83F8-4CC86D16043C}.Release|x86.Build.0 = Release|Any CPU
		{C4D17F6A-1E40-4E24-8CBB-2801A5135548}.Debug|Any CPU.ActiveCfg = Debug|Any CPU
		{C4D17F6A-1E40-4E24-8CBB-2801A5135548}.Debug|Any CPU.Build.0 = Debug|Any CPU
		{C4D17F6A-1E40-4E24-8CBB-2801A5135548}.Debug|x64.ActiveCfg = Debug|Any CPU
		{C4D17F6A-1E40-4E24-8CBB-2801A5135548}.Debug|x64.Build.0 = Debug|Any CPU
		{C4D17F6A-1E40-4E24-8CBB-2801A5135548}.Debug|x86.ActiveCfg = Debug|Any CPU
		{C4D17F6A-1E40-4E24-8CBB-2801A5135548}.Debug|x86.Build.0 = Debug|Any CPU
		{C4D17F6A-1E40-4E24-8CBB-2801A5135548}.Release|Any CPU.ActiveCfg = Release|Any CPU
		{C4D17F6A-1E40-4E24-8CBB-2801A5135548}.Release|Any CPU.Build.0 = Release|Any CPU
		{C4D17F6A-1E40-4E24-8CBB-2801A5135548}.Release|x64.ActiveCfg = Release|Any CPU
		{C4D17F6A-1E40-4E24-8CBB-2801A5135548}.Release|x64.Build.0 = Release|Any CPU
		{C4D17F6A-1E40-4E24-8CBB-2801A5135548}.Release|x86.ActiveCfg = Release|Any CPU
		{C4D17F6A-1E40-4E24-8CBB-2801A5135548}.Release|x86.Build.0 = Release|Any CPU
		{A46913C7-9AD6-4F65-B0C7-AD788BF67FB0}.Debug|Any CPU.ActiveCfg = Debug|Any CPU
		{A46913C7-9AD6-4F65-B0C7-AD788BF67FB0}.Debug|Any CPU.Build.0 = Debug|Any CPU
		{A46913C7-9AD6-4F65-B0C7-AD788BF67FB0}.Debug|x64.ActiveCfg = Debug|Any CPU
		{A46913C7-9AD6-4F65-B0C7-AD788BF67FB0}.Debug|x64.Build.0 = Debug|Any CPU
		{A46913C7-9AD6-4F65-B0C7-AD788BF67FB0}.Debug|x86.ActiveCfg = Debug|Any CPU
		{A46913C7-9AD6-4F65-B0C7-AD788BF67FB0}.Debug|x86.Build.0 = Debug|Any CPU
		{A46913C7-9AD6-4F65-B0C7-AD788BF67FB0}.Release|Any CPU.ActiveCfg = Release|Any CPU
		{A46913C7-9AD6-4F65-B0C7-AD788BF67FB0}.Release|Any CPU.Build.0 = Release|Any CPU
		{A46913C7-9AD6-4F65-B0C7-AD788BF67FB0}.Release|x64.ActiveCfg = Release|Any CPU
		{A46913C7-9AD6-4F65-B0C7-AD788BF67FB0}.Release|x64.Build.0 = Release|Any CPU
		{A46913C7-9AD6-4F65-B0C7-AD788BF67FB0}.Release|x86.ActiveCfg = Release|Any CPU
		{A46913C7-9AD6-4F65-B0C7-AD788BF67FB0}.Release|x86.Build.0 = Release|Any CPU
		{4151D4AD-0404-4C1E-8448-5BC91836502E}.Debug|Any CPU.ActiveCfg = Debug|Any CPU
		{4151D4AD-0404-4C1E-8448-5BC91836502E}.Debug|Any CPU.Build.0 = Debug|Any CPU
		{4151D4AD-0404-4C1E-8448-5BC91836502E}.Debug|x64.ActiveCfg = Debug|Any CPU
		{4151D4AD-0404-4C1E-8448-5BC91836502E}.Debug|x64.Build.0 = Debug|Any CPU
		{4151D4AD-0404-4C1E-8448-5BC91836502E}.Debug|x86.ActiveCfg = Debug|Any CPU
		{4151D4AD-0404-4C1E-8448-5BC91836502E}.Debug|x86.Build.0 = Debug|Any CPU
		{4151D4AD-0404-4C1E-8448-5BC91836502E}.Release|Any CPU.ActiveCfg = Release|Any CPU
		{4151D4AD-0404-4C1E-8448-5BC91836502E}.Release|Any CPU.Build.0 = Release|Any CPU
		{4151D4AD-0404-4C1E-8448-5BC91836502E}.Release|x64.ActiveCfg = Release|Any CPU
		{4151D4AD-0404-4C1E-8448-5BC91836502E}.Release|x64.Build.0 = Release|Any CPU
		{4151D4AD-0404-4C1E-8448-5BC91836502E}.Release|x86.ActiveCfg = Release|Any CPU
		{4151D4AD-0404-4C1E-8448-5BC91836502E}.Release|x86.Build.0 = Release|Any CPU
		{54840768-B419-41AC-9326-6E46B7A700B5}.Debug|Any CPU.ActiveCfg = Debug|Any CPU
		{54840768-B419-41AC-9326-6E46B7A700B5}.Debug|Any CPU.Build.0 = Debug|Any CPU
		{54840768-B419-41AC-9326-6E46B7A700B5}.Debug|x64.ActiveCfg = Debug|Any CPU
		{54840768-B419-41AC-9326-6E46B7A700B5}.Debug|x64.Build.0 = Debug|Any CPU
		{54840768-B419-41AC-9326-6E46B7A700B5}.Debug|x86.ActiveCfg = Debug|Any CPU
		{54840768-B419-41AC-9326-6E46B7A700B5}.Debug|x86.Build.0 = Debug|Any CPU
		{54840768-B419-41AC-9326-6E46B7A700B5}.Release|Any CPU.ActiveCfg = Release|Any CPU
		{54840768-B419-41AC-9326-6E46B7A700B5}.Release|Any CPU.Build.0 = Release|Any CPU
		{54840768-B419-41AC-9326-6E46B7A700B5}.Release|x64.ActiveCfg = Release|Any CPU
		{54840768-B419-41AC-9326-6E46B7A700B5}.Release|x64.Build.0 = Release|Any CPU
		{54840768-B419-41AC-9326-6E46B7A700B5}.Release|x86.ActiveCfg = Release|Any CPU
		{54840768-B419-41AC-9326-6E46B7A700B5}.Release|x86.Build.0 = Release|Any CPU
		{4BDFDDEB-5A19-4AB5-93A9-6C42217BAF53}.Debug|Any CPU.ActiveCfg = Debug|Any CPU
		{4BDFDDEB-5A19-4AB5-93A9-6C42217BAF53}.Debug|Any CPU.Build.0 = Debug|Any CPU
		{4BDFDDEB-5A19-4AB5-93A9-6C42217BAF53}.Debug|x64.ActiveCfg = Debug|Any CPU
		{4BDFDDEB-5A19-4AB5-93A9-6C42217BAF53}.Debug|x64.Build.0 = Debug|Any CPU
		{4BDFDDEB-5A19-4AB5-93A9-6C42217BAF53}.Debug|x86.ActiveCfg = Debug|Any CPU
		{4BDFDDEB-5A19-4AB5-93A9-6C42217BAF53}.Debug|x86.Build.0 = Debug|Any CPU
		{4BDFDDEB-5A19-4AB5-93A9-6C42217BAF53}.Release|Any CPU.ActiveCfg = Release|Any CPU
		{4BDFDDEB-5A19-4AB5-93A9-6C42217BAF53}.Release|Any CPU.Build.0 = Release|Any CPU
		{4BDFDDEB-5A19-4AB5-93A9-6C42217BAF53}.Release|x64.ActiveCfg = Release|Any CPU
		{4BDFDDEB-5A19-4AB5-93A9-6C42217BAF53}.Release|x64.Build.0 = Release|Any CPU
		{4BDFDDEB-5A19-4AB5-93A9-6C42217BAF53}.Release|x86.ActiveCfg = Release|Any CPU
		{4BDFDDEB-5A19-4AB5-93A9-6C42217BAF53}.Release|x86.Build.0 = Release|Any CPU
	EndGlobalSection
	GlobalSection(SolutionProperties) = preSolution
		HideSolutionNode = FALSE
	EndGlobalSection
	GlobalSection(NestedProjects) = preSolution
		{7771D5A9-8202-E749-731D-3DB41E1CE901} = {827E0CD3-B72D-47B6-A68D-7590B98EB39B}
		{20C39AE2-BEA2-4396-83F8-4CC86D16043C} = {7771D5A9-8202-E749-731D-3DB41E1CE901}
		{C4D17F6A-1E40-4E24-8CBB-2801A5135548} = {7771D5A9-8202-E749-731D-3DB41E1CE901}
		{A46913C7-9AD6-4F65-B0C7-AD788BF67FB0} = {7771D5A9-8202-E749-731D-3DB41E1CE901}
		{4151D4AD-0404-4C1E-8448-5BC91836502E} = {7771D5A9-8202-E749-731D-3DB41E1CE901}
		{54840768-B419-41AC-9326-6E46B7A700B5} = {7771D5A9-8202-E749-731D-3DB41E1CE901}
		{4BDFDDEB-5A19-4AB5-93A9-6C42217BAF53} = {827E0CD3-B72D-47B6-A68D-7590B98EB39B}
	EndGlobalSection
EndGlobal
